
Microsoft Visual Studio Solution File, Format Version 12.00
# Visual Studio Version 17
VisualStudioVersion = 17.2.32602.215
MinimumVisualStudioVersion = 10.0.40219.1
Project("{FAE04EC0-301F-11D3-BF4B-00C04F79EFBC}") = "UdemyLearnApi", "UdemyLearnApi\UdemyLearnApi.csproj", "{34BE1912-20C2-42B8-B0C5-5FE5C22778E7}"
EndProject
Global
	GlobalSection(SolutionConfigurationPlatforms) = preSolution
		Debug|Any CPU = Debug|Any CPU
		Release|Any CPU = Release|Any CPU
	EndGlobalSection
	GlobalSection(ProjectConfigurationPlatforms) = postSolution
		{34BE1912-20C2-42B8-B0C5-5FE5C22778E7}.Debug|Any CPU.ActiveCfg = Debug|Any CPU
		{34BE1912-20C2-42B8-B0C5-5FE5C22778E7}.Debug|Any CPU.Build.0 = Debug|Any CPU
		{34BE1912-20C2-42B8-B0C5-5FE5C22778E7}.Release|Any CPU.ActiveCfg = Release|Any CPU
		{34BE1912-20C2-42B8-B0C5-5FE5C22778E7}.Release|Any CPU.Build.0 = Release|Any CPU
	EndGlobalSection
	GlobalSection(SolutionProperties) = preSolution
		HideSolutionNode = FALSE
	EndGlobalSection
	GlobalSection(ExtensibilityGlobals) = postSolution
		SolutionGuid = {5B74C611-6179-4DC5-9F7F-DAF78F9D86D5}
	EndGlobalSection
EndGlobal
